// !$*UTF8*$!
{
	archiveVersion = 1;
	classes = {
	};
	objectVersion = 77;
	objects = {

/* Begin PBXBuildFile section */
		B9AAB2E22E6E7893007A2DE2 /* Metronome Watch App.app in Embed Watch Content */ = {isa = PBXBuildFile; fileRef = B9AAB2E12E6E7893007A2DE2 /* Metronome Watch App.app */; settings = {ATTRIBUTES = (RemoveHeadersOnCopy, ); }; };
/* End PBXBuildFile section */

/* Begin PBXContainerItemProxy section */
		B9AAB2E32E6E7893007A2DE2 /* PBXContainerItemProxy */ = {
			isa = PBXContainerItemProxy;
			containerPortal = B9AAB2D52E6E7893007A2DE2 /* Project object */;
			proxyType = 1;
			remoteGlobalIDString = B9AAB2E02E6E7893007A2DE2;
			remoteInfo = "Metronome Watch App";
		};
		B9AAB2F42E6E7894007A2DE2 /* PBXContainerItemProxy */ = {
			isa = PBXContainerItemProxy;
			containerPortal = B9AAB2D52E6E7893007A2DE2 /* Project object */;
			proxyType = 1;
			remoteGlobalIDString = B9AAB2E02E6E7893007A2DE2;
			remoteInfo = "Metronome Watch App";
		};
		B9AAB2FE2E6E7894007A2DE2 /* PBXContainerItemProxy */ = {
			isa = PBXContainerItemProxy;
			containerPortal = B9AAB2D52E6E7893007A2DE2 /* Project object */;
			proxyType = 1;
			remoteGlobalIDString = B9AAB2E02E6E7893007A2DE2;
			remoteInfo = "Metronome Watch App";
		};
/* End PBXContainerItemProxy section */

/* Begin PBXCopyFilesBuildPhase section */
		B9AAB30A2E6E7894007A2DE2 /* Embed Watch Content */ = {
			isa = PBXCopyFilesBuildPhase;
			buildActionMask = 2147483647;
			dstPath = "$(CONTENTS_FOLDER_PATH)/Watch";
			dstSubfolderSpec = 16;
			files = (
				B9AAB2E22E6E7893007A2DE2 /* Metronome Watch App.app in Embed Watch Content */,
			);
			name = "Embed Watch Content";
			runOnlyForDeploymentPostprocessing = 0;
		};
/* End PBXCopyFilesBuildPhase section */

/* Begin PBXFileReference section */
		B9AAB2DB2E6E7893007A2DE2 /* Metronome.app */ = {isa = PBXFileReference; explicitFileType = wrapper.application; includeInIndex = 0; path = Metronome.app; sourceTree = BUILT_PRODUCTS_DIR; };
		B9AAB2E12E6E7893007A2DE2 /* Metronome Watch App.app */ = {isa = PBXFileReference; explicitFileType = wrapper.application; includeInIndex = 0; path = "Metronome Watch App.app"; sourceTree = BUILT_PRODUCTS_DIR; };
		B9AAB2F32E6E7894007A2DE2 /* Metronome Watch AppTests.xctest */ = {isa = PBXFileReference; explicitFileType = wrapper.cfbundle; includeInIndex = 0; path = "Metronome Watch AppTests.xctest"; sourceTree = BUILT_PRODUCTS_DIR; };
		B9AAB2FD2E6E7894007A2DE2 /* Metronome Watch AppUITests.xctest */ = {isa = PBXFileReference; explicitFileType = wrapper.cfbundle; includeInIndex = 0; path = "Metronome Watch AppUITests.xctest"; sourceTree = BUILT_PRODUCTS_DIR; };
/* End PBXFileReference section */

/* Begin PBXFileSystemSynchronizedRootGroup section */
		B9AAB2E52E6E7893007A2DE2 /* Metronome Watch App */ = {
			isa = PBXFileSystemSynchronizedRootGroup;
			path = "Metronome Watch App";
			sourceTree = "<group>";
		};
		B9AAB2F62E6E7894007A2DE2 /* Metronome Watch AppTests */ = {
			isa = PBXFileSystemSynchronizedRootGroup;
			path = "Metronome Watch AppTests";
			sourceTree = "<group>";
		};
		B9AAB3002E6E7894007A2DE2 /* Metronome Watch AppUITests */ = {
			isa = PBXFileSystemSynchronizedRootGroup;
			path = "Metronome Watch AppUITests";
			sourceTree = "<group>";
		};
/* End PBXFileSystemSynchronizedRootGroup section */

/* Begin PBXFrameworksBuildPhase section */
		B9AAB2DE2E6E7893007A2DE2 /* Frameworks */ = {
			isa = PBXFrameworksBuildPhase;
			buildActionMask = 2147483647;
			files = (
			);
			runOnlyForDeploymentPostprocessing = 0;
		};
		B9AAB2F02E6E7894007A2DE2 /* Frameworks */ = {
			isa = PBXFrameworksBuildPhase;
			buildActionMask = 2147483647;
			files = (
			);
			runOnlyForDeploymentPostprocessing = 0;
		};
		B9AAB2FA2E6E7894007A2DE2 /* Frameworks */ = {
			isa = PBXFrameworksBuildPhase;
			buildActionMask = 2147483647;
			files = (
			);
			runOnlyForDeploymentPostprocessing = 0;
		};
/* End PBXFrameworksBuildPhase section */

/* Begin PBXGroup section */
		B9AAB2D42E6E7893007A2DE2 = {
			isa = PBXGroup;
			children = (
				B9AAB2E52E6E7893007A2DE2 /* Metronome Watch App */,
				B9AAB2F62E6E7894007A2DE2 /* Metronome Watch AppTests */,
				B9AAB3002E6E7894007A2DE2 /* Metronome Watch AppUITests */,
				B9AAB2DC2E6E7893007A2DE2 /* Products */,
			);
			sourceTree = "<group>";
		};
		B9AAB2DC2E6E7893007A2DE2 /* Products */ = {
			isa = PBXGroup;
			children = (
				B9AAB2DB2E6E7893007A2DE2 /* Metronome.app */,
				B9AAB2E12E6E7893007A2DE2 /* Metronome Watch App.app */,
				B9AAB2F32E6E7894007A2DE2 /* Metronome Watch AppTests.xctest */,
				B9AAB2FD2E6E7894007A2DE2 /* Metronome Watch AppUITests.xctest */,
			);
			name = Products;
			sourceTree = "<group>";
		};
/* End PBXGroup section */

/* Begin PBXNativeTarget section */
		B9AAB2DA2E6E7893007A2DE2 /* Metronome */ = {
			isa = PBXNativeTarget;
			buildConfigurationList = B9AAB30B2E6E7894007A2DE2 /* Build configuration list for PBXNativeTarget "Metronome" */;
			buildPhases = (
				B9AAB2D92E6E7893007A2DE2 /* Resources */,
				B9AAB30A2E6E7894007A2DE2 /* Embed Watch Content */,
			);
			buildRules = (
			);
			dependencies = (
				B9AAB2E42E6E7893007A2DE2 /* PBXTargetDependency */,
			);
			name = Metronome;
			packageProductDependencies = (
			);
			productName = Metronome;
			productReference = B9AAB2DB2E6E7893007A2DE2 /* Metronome.app */;
			productType = "com.apple.product-type.application.watchapp2-container";
		};
		B9AAB2E02E6E7893007A2DE2 /* Metronome Watch App */ = {
			isa = PBXNativeTarget;
			buildConfigurationList = B9AAB3072E6E7894007A2DE2 /* Build configuration list for PBXNativeTarget "Metronome Watch App" */;
			buildPhases = (
				B9AAB2DD2E6E7893007A2DE2 /* Sources */,
				B9AAB2DE2E6E7893007A2DE2 /* Frameworks */,
				B9AAB2DF2E6E7893007A2DE2 /* Resources */,
			);
			buildRules = (
			);
			dependencies = (
			);
			fileSystemSynchronizedGroups = (
				B9AAB2E52E6E7893007A2DE2 /* Metronome Watch App */,
			);
			name = "Metronome Watch App";
			packageProductDependencies = (
			);
			productName = "Metronome Watch App";
			productReference = B9AAB2E12E6E7893007A2DE2 /* Metronome Watch App.app */;
			productType = "com.apple.product-type.application";
		};
		B9AAB2F22E6E7894007A2DE2 /* Metronome Watch AppTests */ = {
			isa = PBXNativeTarget;
			buildConfigurationList = B9AAB30E2E6E7894007A2DE2 /* Build configuration list for PBXNativeTarget "Metronome Watch AppTests" */;
			buildPhases = (
				B9AAB2EF2E6E7894007A2DE2 /* Sources */,
				B9AAB2F02E6E7894007A2DE2 /* Frameworks */,
				B9AAB2F12E6E7894007A2DE2 /* Resources */,
			);
			buildRules = (
			);
			dependencies = (
				B9AAB2F52E6E7894007A2DE2 /* PBXTargetDependency */,
			);
			fileSystemSynchronizedGroups = (
				B9AAB2F62E6E7894007A2DE2 /* Metronome Watch AppTests */,
			);
			name = "Metronome Watch AppTests";
			packageProductDependencies = (
			);
			productName = "Metronome Watch AppTests";
			productReference = B9AAB2F32E6E7894007A2DE2 /* Metronome Watch AppTests.xctest */;
			productType = "com.apple.product-type.bundle.unit-test";
		};
		B9AAB2FC2E6E7894007A2DE2 /* Metronome Watch AppUITests */ = {
			isa = PBXNativeTarget;
			buildConfigurationList = B9AAB3112E6E7894007A2DE2 /* Build configuration list for PBXNativeTarget "Metronome Watch AppUITests" */;
			buildPhases = (
				B9AAB2F92E6E7894007A2DE2 /* Sources */,
				B9AAB2FA2E6E7894007A2DE2 /* Frameworks */,
				B9AAB2FB2E6E7894007A2DE2 /* Resources */,
			);
			buildRules = (
			);
			dependencies = (
				B9AAB2FF2E6E7894007A2DE2 /* PBXTargetDependency */,
			);
			fileSystemSynchronizedGroups = (
				B9AAB3002E6E7894007A2DE2 /* Metronome Watch AppUITests */,
			);
			name = "Metronome Watch AppUITests";
			packageProductDependencies = (
			);
			productName = "Metronome Watch AppUITests";
			productReference = B9AAB2FD2E6E7894007A2DE2 /* Metronome Watch AppUITests.xctest */;
			productType = "com.apple.product-type.bundle.ui-testing";
		};
/* End PBXNativeTarget section */

/* Begin PBXProject section */
		B9AAB2D52E6E7893007A2DE2 /* Project object */ = {
			isa = PBXProject;
			attributes = {
				BuildIndependentTargetsInParallel = 1;
				LastSwiftUpdateCheck = 1620;
				LastUpgradeCheck = 1620;
				TargetAttributes = {
					B9AAB2DA2E6E7893007A2DE2 = {
						CreatedOnToolsVersion = 16.2;
					};
					B9AAB2E02E6E7893007A2DE2 = {
						CreatedOnToolsVersion = 16.2;
					};
					B9AAB2F22E6E7894007A2DE2 = {
						CreatedOnToolsVersion = 16.2;
						TestTargetID = B9AAB2E02E6E7893007A2DE2;
					};
					B9AAB2FC2E6E7894007A2DE2 = {
						CreatedOnToolsVersion = 16.2;
						TestTargetID = B9AAB2E02E6E7893007A2DE2;
					};
				};
			};
			buildConfigurationList = B9AAB2D82E6E7893007A2DE2 /* Build configuration list for PBXProject "Metronome" */;
			developmentRegion = en;
			hasScannedForEncodings = 0;
			knownRegions = (
				en,
				Base,
			);
			mainGroup = B9AAB2D42E6E7893007A2DE2;
			minimizedProjectReferenceProxies = 1;
			preferredProjectObjectVersion = 77;
			productRefGroup = B9AAB2DC2E6E7893007A2DE2 /* Products */;
			projectDirPath = "";
			projectRoot = "";
			targets = (
				B9AAB2DA2E6E7893007A2DE2 /* Metronome */,
				B9AAB2E02E6E7893007A2DE2 /* Metronome Watch App */,
				B9AAB2F22E6E7894007A2DE2 /* Metronome Watch AppTests */,
				B9AAB2FC2E6E7894007A2DE2 /* Metronome Watch AppUITests */,
			);
		};
/* End PBXProject section */

/* Begin PBXResourcesBuildPhase section */
		B9AAB2D92E6E7893007A2DE2 /* Resources */ = {
			isa = PBXResourcesBuildPhase;
			buildActionMask = 2147483647;
			files = (
			);
			runOnlyForDeploymentPostprocessing = 0;
		};
		B9AAB2DF2E6E7893007A2DE2 /* Resources */ = {
			isa = PBXResourcesBuildPhase;
			buildActionMask = 2147483647;
			files = (
			);
			runOnlyForDeploymentPostprocessing = 0;
		};
		B9AAB2F12E6E7894007A2DE2 /* Resources */ = {
			isa = PBXResourcesBuildPhase;
			buildActionMask = 2147483647;
			files = (
			);
			runOnlyForDeploymentPostprocessing = 0;
		};
		B9AAB2FB2E6E7894007A2DE2 /* Resources */ = {
			isa = PBXResourcesBuildPhase;
			buildActionMask = 2147483647;
			files = (
			);
			runOnlyForDeploymentPostprocessing = 0;
		};
/* End PBXResourcesBuildPhase section */

/* Begin PBXSourcesBuildPhase section */
		B9AAB2DD2E6E7893007A2DE2 /* Sources */ = {
			isa = PBXSourcesBuildPhase;
			buildActionMask = 2147483647;
			files = (
			);
			runOnlyForDeploymentPostprocessing = 0;
		};
		B9AAB2EF2E6E7894007A2DE2 /* Sources */ = {
			isa = PBXSourcesBuildPhase;
			buildActionMask = 2147483647;
			files = (
			);
			runOnlyForDeploymentPostprocessing = 0;
		};
		B9AAB2F92E6E7894007A2DE2 /* Sources */ = {
			isa = PBXSourcesBuildPhase;
			buildActionMask = 2147483647;
			files = (
			);
			runOnlyForDeploymentPostprocessing = 0;
		};
/* End PBXSourcesBuildPhase section */

/* Begin PBXTargetDependency section */
		B9AAB2E42E6E7893007A2DE2 /* PBXTargetDependency */ = {
			isa = PBXTargetDependency;
			target = B9AAB2E02E6E7893007A2DE2 /* Metronome Watch App */;
			targetProxy = B9AAB2E32E6E7893007A2DE2 /* PBXContainerItemProxy */;
		};
		B9AAB2F52E6E7894007A2DE2 /* PBXTargetDependency */ = {
			isa = PBXTargetDependency;
			target = B9AAB2E02E6E7893007A2DE2 /* Metronome Watch App */;
			targetProxy = B9AAB2F42E6E7894007A2DE2 /* PBXContainerItemProxy */;
		};
		B9AAB2FF2E6E7894007A2DE2 /* PBXTargetDependency */ = {
			isa = PBXTargetDependency;
			target = B9AAB2E02E6E7893007A2DE2 /* Metronome Watch App */;
			targetProxy = B9AAB2FE2E6E7894007A2DE2 /* PBXContainerItemProxy */;
		};
/* End PBXTargetDependency section */

/* Begin XCBuildConfiguration section */
		B9AAB3052E6E7894007A2DE2 /* Debug */ = {
			isa = XCBuildConfiguration;
			buildSettings = {
				ALWAYS_SEARCH_USER_PATHS = NO;
				ASSETCATALOG_COMPILER_GENERATE_SWIFT_ASSET_SYMBOL_EXTENSIONS = YES;
				CLANG_ANALYZER_NONNULL = YES;
				CLANG_ANALYZER_NUMBER_OBJECT_CONVERSION = YES_AGGRESSIVE;
				CLANG_CXX_LANGUAGE_STANDARD = "gnu++20";
				CLANG_ENABLE_MODULES = YES;
				CLANG_ENABLE_OBJC_ARC = YES;
				CLANG_ENABLE_OBJC_WEAK = YES;
				CLANG_WARN_BLOCK_CAPTURE_AUTORELEASING = YES;
				CLANG_WARN_BOOL_CONVERSION = YES;
				CLANG_WARN_COMMA = YES;
				CLANG_WARN_CONSTANT_CONVERSION = YES;
				CLANG_WARN_DEPRECATED_OBJC_IMPLEMENTATIONS = YES;
				CLANG_WARN_DIRECT_OBJC_ISA_USAGE = YES_ERROR;
				CLANG_WARN_DOCUMENTATION_COMMENTS = YES;
				CLANG_WARN_EMPTY_BODY = YES;
				CLANG_WARN_ENUM_CONVERSION = YES;
				CLANG_WARN_INFINITE_RECURSION = YES;
				CLANG_WARN_INT_CONVERSION = YES;
				CLANG_WARN_NON_LITERAL_NULL_CONVERSION = YES;
				CLANG_WARN_OBJC_IMPLICIT_RETAIN_SELF = YES;
				CLANG_WARN_OBJC_LITERAL_CONVERSION = YES;
				CLANG_WARN_OBJC_ROOT_CLASS = YES_ERROR;
				CLANG_WARN_QUOTED_INCLUDE_IN_FRAMEWORK_HEADER = YES;
				CLANG_WARN_RANGE_LOOP_ANALYSIS = YES;
				CLANG_WARN_STRICT_PROTOTYPES = YES;
				CLANG_WARN_SUSPICIOUS_MOVE = YES;
				CLANG_WARN_UNGUARDED_AVAILABILITY = YES_AGGRESSIVE;
				CLANG_WARN_UNREACHABLE_CODE = YES;
				CLANG_WARN__DUPLICATE_METHOD_MATCH = YES;
				COPY_PHASE_STRIP = NO;
				DEBUG_INFORMATION_FORMAT = dwarf;
				ENABLE_STRICT_OBJC_MSGSEND = YES;
				ENABLE_TESTABILITY = YES;
				ENABLE_USER_SCRIPT_SANDBOXING = YES;
				GCC_C_LANGUAGE_STANDARD = gnu17;
				GCC_DYNAMIC_NO_PIC = NO;
				GCC_NO_COMMON_BLOCKS = YES;
				GCC_OPTIMIZATION_LEVEL = 0;
				GCC_PREPROCESSOR_DEFINITIONS = (
					"DEBUG=1",
					"$(inherited)",
				);
				GCC_WARN_64_TO_32_BIT_CONVERSION = YES;
				GCC_WARN_ABOUT_RETURN_TYPE = YES_ERROR;
				GCC_WARN_UNDECLARED_SELECTOR = YES;
				GCC_WARN_UNINITIALIZED_AUTOS = YES_AGGRESSIVE;
				GCC_WARN_UNUSED_FUNCTION = YES;
				GCC_WARN_UNUSED_VARIABLE = YES;
				LOCALIZATION_PREFERS_STRING_CATALOGS = YES;
				MTL_ENABLE_DEBUG_INFO = INCLUDE_SOURCE;
				MTL_FAST_MATH = YES;
				ONLY_ACTIVE_ARCH = YES;
				SWIFT_ACTIVE_COMPILATION_CONDITIONS = "DEBUG $(inherited)";
				SWIFT_OPTIMIZATION_LEVEL = "-Onone";
			};
			name = Debug;
		};
		B9AAB3062E6E7894007A2DE2 /* Release */ = {
			isa = XCBuildConfiguration;
			buildSettings = {
				ALWAYS_SEARCH_USER_PATHS = NO;
				ASSETCATALOG_COMPILER_GENERATE_SWIFT_ASSET_SYMBOL_EXTENSIONS = YES;
				CLANG_ANALYZER_NONNULL = YES;
				CLANG_ANALYZER_NUMBER_OBJECT_CONVERSION = YES_AGGRESSIVE;
				CLANG_CXX_LANGUAGE_STANDARD = "gnu++20";
				CLANG_ENABLE_MODULES = YES;
				CLANG_ENABLE_OBJC_ARC = YES;
				CLANG_ENABLE_OBJC_WEAK = YES;
				CLANG_WARN_BLOCK_CAPTURE_AUTORELEASING = YES;
				CLANG_WARN_BOOL_CONVERSION = YES;
				CLANG_WARN_COMMA = YES;
				CLANG_WARN_CONSTANT_CONVERSION = YES;
				CLANG_WARN_DEPRECATED_OBJC_IMPLEMENTATIONS = YES;
				CLANG_WARN_DIRECT_OBJC_ISA_USAGE = YES_ERROR;
				CLANG_WARN_DOCUMENTATION_COMMENTS = YES;
				CLANG_WARN_EMPTY_BODY = YES;
				CLANG_WARN_ENUM_CONVERSION = YES;
				CLANG_WARN_INFINITE_RECURSION = YES;
				CLANG_WARN_INT_CONVERSION = YES;
				CLANG_WARN_NON_LITERAL_NULL_CONVERSION = YES;
				CLANG_WARN_OBJC_IMPLICIT_RETAIN_SELF = YES;
				CLANG_WARN_OBJC_LITERAL_CONVERSION = YES;
				CLANG_WARN_OBJC_ROOT_CLASS = YES_ERROR;
				CLANG_WARN_QUOTED_INCLUDE_IN_FRAMEWORK_HEADER = YES;
				CLANG_WARN_RANGE_LOOP_ANALYSIS = YES;
				CLANG_WARN_STRICT_PROTOTYPES = YES;
				CLANG_WARN_SUSPICIOUS_MOVE = YES;
				CLANG_WARN_UNGUARDED_AVAILABILITY = YES_AGGRESSIVE;
				CLANG_WARN_UNREACHABLE_CODE = YES;
				CLANG_WARN__DUPLICATE_METHOD_MATCH = YES;
				COPY_PHASE_STRIP = NO;
				DEBUG_INFORMATION_FORMAT = "dwarf-with-dsym";
				ENABLE_NS_ASSERTIONS = NO;
				ENABLE_STRICT_OBJC_MSGSEND = YES;
				ENABLE_USER_SCRIPT_SANDBOXING = YES;
				GCC_C_LANGUAGE_STANDARD = gnu17;
				GCC_NO_COMMON_BLOCKS = YES;
				GCC_WARN_64_TO_32_BIT_CONVERSION = YES;
				GCC_WARN_ABOUT_RETURN_TYPE = YES_ERROR;
				GCC_WARN_UNDECLARED_SELECTOR = YES;
				GCC_WARN_UNINITIALIZED_AUTOS = YES_AGGRESSIVE;
				GCC_WARN_UNUSED_FUNCTION = YES;
				GCC_WARN_UNUSED_VARIABLE = YES;
				LOCALIZATION_PREFERS_STRING_CATALOGS = YES;
				MTL_ENABLE_DEBUG_INFO = NO;
				MTL_FAST_MATH = YES;
				SWIFT_COMPILATION_MODE = wholemodule;
			};
			name = Release;
		};
		B9AAB3082E6E7894007A2DE2 /* Debug */ = {
			isa = XCBuildConfiguration;
			buildSettings = {
				ASSETCATALOG_COMPILER_APPICON_NAME = AppIcon;
				ASSETCATALOG_COMPILER_GLOBAL_ACCENT_COLOR_NAME = AccentColor;
				CODE_SIGN_ENTITLEMENTS = "Metronome Watch App/Metronome Watch App.entitlements";
				CODE_SIGN_STYLE = Automatic;
				CURRENT_PROJECT_VERSION = 1;
				DEVELOPMENT_ASSET_PATHS = "\"Metronome Watch App/Preview Content\"";
				DEVELOPMENT_TEAM = Q8T24VG456;
				ENABLE_PREVIEWS = YES;
				GENERATE_INFOPLIST_FILE = YES;
				INFOPLIST_FILE = "Metronome-Watch-App-Info.plist";
				INFOPLIST_KEY_CFBundleDisplayName = Metronome;
				INFOPLIST_KEY_NSHealthShareUsageDescription = "用于启动训练会话以在后台保持节拍运行";
				INFOPLIST_KEY_NSHealthUpdateUsageDescription = "用于记录和维护训练会话状态";
				INFOPLIST_KEY_UISupportedInterfaceOrientations = "UIInterfaceOrientationPortrait UIInterfaceOrientationPortraitUpsideDown";
				INFOPLIST_KEY_WKWatchOnly = YES;
				LD_RUNPATH_SEARCH_PATHS = (
					"$(inherited)",
					"@executable_path/Frameworks",
				);
				MARKETING_VERSION = 1.0;
				PRODUCT_BUNDLE_IDENTIFIER = com.mitsuitou.Metronome.watchkitapp;
				PRODUCT_NAME = "$(TARGET_NAME)";
				SDKROOT = watchos;
				SKIP_INSTALL = YES;
				SWIFT_EMIT_LOC_STRINGS = YES;
				SWIFT_VERSION = 5.0;
				TARGETED_DEVICE_FAMILY = 4;
				WATCHOS_DEPLOYMENT_TARGET = 11.2;
			};
			name = Debug;
		};
		B9AAB3092E6E7894007A2DE2 /* Release */ = {
			isa = XCBuildConfiguration;
			buildSettings = {
				ASSETCATALOG_COMPILER_APPICON_NAME = AppIcon;
				ASSETCATALOG_COMPILER_GLOBAL_ACCENT_COLOR_NAME = AccentColor;
				CODE_SIGN_ENTITLEMENTS = "Metronome Watch App/Metronome Watch App.entitlements";
				CODE_SIGN_STYLE = Automatic;
				CURRENT_PROJECT_VERSION = 1;
				DEVELOPMENT_ASSET_PATHS = "\"Metronome Watch App/Preview Content\"";
				DEVELOPMENT_TEAM = Q8T24VG456;
				ENABLE_PREVIEWS = YES;
				GENERATE_INFOPLIST_FILE = YES;
				INFOPLIST_FILE = "Metronome-Watch-App-Info.plist";
				INFOPLIST_KEY_CFBundleDisplayName = Metronome;
				INFOPLIST_KEY_NSHealthShareUsageDescription = "用于启动训练会话以在后台保持节拍运行";
				INFOPLIST_KEY_NSHealthUpdateUsageDescription = "用于记录和维护训练会话状态";
				INFOPLIST_KEY_UISupportedInterfaceOrientations = "UIInterfaceOrientationPortrait UIInterfaceOrientationPortraitUpsideDown";
				INFOPLIST_KEY_WKWatchOnly = YES;
				LD_RUNPATH_SEARCH_PATHS = (
					"$(inherited)",
					"@executable_path/Frameworks",
				);
				MARKETING_VERSION = 1.0;
				PRODUCT_BUNDLE_IDENTIFIER = com.mitsuitou.Metronome.watchkitapp;
				PRODUCT_NAME = "$(TARGET_NAME)";
				SDKROOT = watchos;
				SKIP_INSTALL = YES;
				SWIFT_EMIT_LOC_STRINGS = YES;
				SWIFT_VERSION = 5.0;
				TARGETED_DEVICE_FAMILY = 4;
				VALIDATE_PRODUCT = YES;
				WATCHOS_DEPLOYMENT_TARGET = 11.2;
			};
			name = Release;
		};
		B9AAB30C2E6E7894007A2DE2 /* Debug */ = {
			isa = XCBuildConfiguration;
			buildSettings = {
				CODE_SIGN_STYLE = Automatic;
				CURRENT_PROJECT_VERSION = 1;
				DEVELOPMENT_TEAM = Q8T24VG456;
				INFOPLIST_KEY_CFBundleDisplayName = Metronome;
				MARKETING_VERSION = 1.0;
				PRODUCT_BUNDLE_IDENTIFIER = com.mitsuitou.Metronome;
				PRODUCT_NAME = "$(TARGET_NAME)";
				SDKROOT = iphoneos;
				SWIFT_VERSION = 5.0;
			};
			name = Debug;
		};
		B9AAB30D2E6E7894007A2DE2 /* Release */ = {
			isa = XCBuildConfiguration;
			buildSettings = {
				CODE_SIGN_STYLE = Automatic;
				CURRENT_PROJECT_VERSION = 1;
				DEVELOPMENT_TEAM = Q8T24VG456;
				INFOPLIST_KEY_CFBundleDisplayName = Metronome;
				MARKETING_VERSION = 1.0;
				PRODUCT_BUNDLE_IDENTIFIER = com.mitsuitou.Metronome;
				PRODUCT_NAME = "$(TARGET_NAME)";
				SDKROOT = iphoneos;
				SWIFT_VERSION = 5.0;
				VALIDATE_PRODUCT = YES;
			};
			name = Release;
		};
		B9AAB30F2E6E7894007A2DE2 /* Debug */ = {
			isa = XCBuildConfiguration;
			buildSettings = {
				BUNDLE_LOADER = "$(TEST_HOST)";
				CODE_SIGN_STYLE = Automatic;
				CURRENT_PROJECT_VERSION = 1;
				DEVELOPMENT_TEAM = Q8T24VG456;
				GENERATE_INFOPLIST_FILE = YES;
				MARKETING_VERSION = 1.0;
				PRODUCT_BUNDLE_IDENTIFIER = "com.mitsuitou.Metronome-Watch-AppTests";
				PRODUCT_NAME = "$(TARGET_NAME)";
				SDKROOT = watchos;
				SWIFT_EMIT_LOC_STRINGS = NO;
				SWIFT_VERSION = 5.0;
				TARGETED_DEVICE_FAMILY = 4;
				TEST_HOST = "$(BUILT_PRODUCTS_DIR)/Metronome Watch App.app/$(BUNDLE_EXECUTABLE_FOLDER_PATH)/Metronome Watch App";
				WATCHOS_DEPLOYMENT_TARGET = 11.2;
			};
			name = Debug;
		};
		B9AAB3102E6E7894007A2DE2 /* Release */ = {
			isa = XCBuildConfiguration;
			buildSettings = {
				BUNDLE_LOADER = "$(TEST_HOST)";
				CODE_SIGN_STYLE = Automatic;
				CURRENT_PROJECT_VERSION = 1;
				DEVELOPMENT_TEAM = Q8T24VG456;
				GENERATE_INFOPLIST_FILE = YES;
				MARKETING_VERSION = 1.0;
				PRODUCT_BUNDLE_IDENTIFIER = "com.mitsuitou.Metronome-Watch-AppTests";
				PRODUCT_NAME = "$(TARGET_NAME)";
				SDKROOT = watchos;
				SWIFT_EMIT_LOC_STRINGS = NO;
				SWIFT_VERSION = 5.0;
				TARGETED_DEVICE_FAMILY = 4;
				TEST_HOST = "$(BUILT_PRODUCTS_DIR)/Metronome Watch App.app/$(BUNDLE_EXECUTABLE_FOLDER_PATH)/Metronome Watch App";
				VALIDATE_PRODUCT = YES;
				WATCHOS_DEPLOYMENT_TARGET = 11.2;
			};
			name = Release;
		};
		B9AAB3122E6E7894007A2DE2 /* Debug */ = {
			isa = XCBuildConfiguration;
			buildSettings = {
				CODE_SIGN_STYLE = Automatic;
				CURRENT_PROJECT_VERSION = 1;
				DEVELOPMENT_TEAM = Q8T24VG456;
				GENERATE_INFOPLIST_FILE = YES;
				MARKETING_VERSION = 1.0;
				PRODUCT_BUNDLE_IDENTIFIER = "com.mitsuitou.Metronome-Watch-AppUITests";
				PRODUCT_NAME = "$(TARGET_NAME)";
				SDKROOT = watchos;
				SWIFT_EMIT_LOC_STRINGS = NO;
				SWIFT_VERSION = 5.0;
				TARGETED_DEVICE_FAMILY = 4;
				TEST_TARGET_NAME = "Metronome Watch App";
				WATCHOS_DEPLOYMENT_TARGET = 11.2;
			};
			name = Debug;
		};
		B9AAB3132E6E7894007A2DE2 /* Release */ = {
			isa = XCBuildConfiguration;
			buildSettings = {
				CODE_SIGN_STYLE = Automatic;
				CURRENT_PROJECT_VERSION = 1;
				DEVELOPMENT_TEAM = Q8T24VG456;
				GENERATE_INFOPLIST_FILE = YES;
				MARKETING_VERSION = 1.0;
				PRODUCT_BUNDLE_IDENTIFIER = "com.mitsuitou.Metronome-Watch-AppUITests";
				PRODUCT_NAME = "$(TARGET_NAME)";
				SDKROOT = watchos;
				SWIFT_EMIT_LOC_STRINGS = NO;
				SWIFT_VERSION = 5.0;
				TARGETED_DEVICE_FAMILY = 4;
				TEST_TARGET_NAME = "Metronome Watch App";
				VALIDATE_PRODUCT = YES;
				WATCHOS_DEPLOYMENT_TARGET = 11.2;
			};
			name = Release;
		};
/* End XCBuildConfiguration section */

/* Begin XCConfigurationList section */
		B9AAB2D82E6E7893007A2DE2 /* Build configuration list for PBXProject "Metronome" */ = {
			isa = XCConfigurationList;
			buildConfigurations = (
				B9AAB3052E6E7894007A2DE2 /* Debug */,
				B9AAB3062E6E7894007A2DE2 /* Release */,
			);
			defaultConfigurationIsVisible = 0;
			defaultConfigurationName = Release;
		};
		B9AAB3072E6E7894007A2DE2 /* Build configuration list for PBXNativeTarget "Metronome Watch App" */ = {
			isa = XCConfigurationList;
			buildConfigurations = (
				B9AAB3082E6E7894007A2DE2 /* Debug */,
				B9AAB3092E6E7894007A2DE2 /* Release */,
			);
			defaultConfigurationIsVisible = 0;
			defaultConfigurationName = Release;
		};
		B9AAB30B2E6E7894007A2DE2 /* Build configuration list for PBXNativeTarget "Metronome" */ = {
			isa = XCConfigurationList;
			buildConfigurations = (
				B9AAB30C2E6E7894007A2DE2 /* Debug */,
				B9AAB30D2E6E7894007A2DE2 /* Release */,
			);
			defaultConfigurationIsVisible = 0;
			defaultConfigurationName = Release;
		};
		B9AAB30E2E6E7894007A2DE2 /* Build configuration list for PBXNativeTarget "Metronome Watch AppTests" */ = {
			isa = XCConfigurationList;
			buildConfigurations = (
				B9AAB30F2E6E7894007A2DE2 /* Debug */,
				B9AAB3102E6E7894007A2DE2 /* Release */,
			);
			defaultConfigurationIsVisible = 0;
			defaultConfigurationName = Release;
		};
		B9AAB3112E6E7894007A2DE2 /* Build configuration list for PBXNativeTarget "Metronome Watch AppUITests" */ = {
			isa = XCConfigurationList;
			buildConfigurations = (
				B9AAB3122E6E7894007A2DE2 /* Debug */,
				B9AAB3132E6E7894007A2DE2 /* Release */,
			);
			defaultConfigurationIsVisible = 0;
			defaultConfigurationName = Release;
		};
/* End XCConfigurationList section */
	};
	rootObject = B9AAB2D52E6E7893007A2DE2 /* Project object */;
}
